Microsoft Visual Studio Solution File, Format Version 12.00
# Visual Studio Version 17
VisualStudioVersion = 17.5.2.0
MinimumVisualStudioVersion = 10.0.40219.1
Project("{FAE04EC0-301F-11D3-BF4B-00C04F79EFBC}") = "DIO.Media", "DIO.Media.csproj", "{24C61E3B-F07D-8199-979D-CC3225F0A6D5}"
EndProject
Global
	GlobalSection(SolutionConfigurationPlatforms) = preSolution
		Debug|Any CPU = Debug|Any CPU
		Release|Any CPU = Release|Any CPU
	EndGlobalSection
	GlobalSection(ProjectConfigurationPlatforms) = postSolution
		{24C61E3B-F07D-8199-979D-CC3225F0A6D5}.Debug|Any CPU.ActiveCfg = Debug|Any CPU
		{24C61E3B-F07D-8199-979D-CC3225F0A6D5}.Debug|Any CPU.Build.0 = Debug|Any CPU
		{24C61E3B-F07D-8199-979D-CC3225F0A6D5}.Release|Any CPU.ActiveCfg = Release|Any CPU
		{24C61E3B-F07D-8199-979D-CC3225F0A6D5}.Release|Any CPU.Build.0 = Release|Any CPU
	EndGlobalSection
	GlobalSection(SolutionProperties) = preSolution
		HideSolutionNode = FALSE
	EndGlobalSection
	GlobalSection(ExtensibilityGlobals) = postSolution
		SolutionGuid = {A7AE84CA-E6CD-4DD1-A6ED-7FAA7303183B}
	EndGlobalSection
EndGlobal
